// !$*UTF8*$!
{
	archiveVersion = 1;
	classes = {
	};
	objectVersion = 56;
	objects = {

/* Begin PBXBuildFile section */
		433E93232D4A206C00FAE5E7 /* AppDelegate.swift in Sources */ = {isa = PBXBuildFile; fileRef = 433E93222D4A206C00FAE5E7 /* AppDelegate.swift */; };
		433E93252D4A206C00FAE5E7 /* SceneDelegate.swift in Sources */ = {isa = PBXBuildFile; fileRef = 433E93242D4A206C00FAE5E7 /* SceneDelegate.swift */; };
		433E932A2D4A206C00FAE5E7 /* Base in Resources */ = {isa = PBXBuildFile; fileRef = 433E93292D4A206C00FAE5E7 /* Base */; };
		433E932D2D4A206C00FAE5E7 /* ToDoList.xcdatamodeld in Sources */ = {isa = PBXBuildFile; fileRef = 433E932B2D4A206C00FAE5E7 /* ToDoList.xcdatamodeld */; };
		433E932F2D4A206D00FAE5E7 /* Assets.xcassets in Resources */ = {isa = PBXBuildFile; fileRef = 433E932E2D4A206D00FAE5E7 /* Assets.xcassets */; };
		433E93322D4A206D00FAE5E7 /* Base in Resources */ = {isa = PBXBuildFile; fileRef = 433E93312D4A206D00FAE5E7 /* Base */; };
		433E93472D4A206D00FAE5E7 /* ToDoListUITests.swift in Sources */ = {isa = PBXBuildFile; fileRef = 433E93462D4A206D00FAE5E7 /* ToDoListUITests.swift */; };
		433E93492D4A206D00FAE5E7 /* ToDoListUITestsLaunchTests.swift in Sources */ = {isa = PBXBuildFile; fileRef = 433E93482D4A206D00FAE5E7 /* ToDoListUITestsLaunchTests.swift */; };
		436C04712D4A221700708E1B /* swiftgen.yml in Resources */ = {isa = PBXBuildFile; fileRef = 436C04702D4A221700708E1B /* swiftgen.yml */; };
		436C04752D4A23DB00708E1B /* Localizable.strings in Resources */ = {isa = PBXBuildFile; fileRef = 436C04732D4A23DB00708E1B /* Localizable.strings */; };
		436C047A2D4A24AC00708E1B /* Icons.xcassets in Resources */ = {isa = PBXBuildFile; fileRef = 436C04792D4A24AC00708E1B /* Icons.xcassets */; };
		436C047C2D4A259800708E1B /* Colors.xcassets in Resources */ = {isa = PBXBuildFile; fileRef = 436C047B2D4A259800708E1B /* Colors.xcassets */; };
		436C047F2D4A264000708E1B /* Localizable.stringsdict in Resources */ = {isa = PBXBuildFile; fileRef = 436C047D2D4A264000708E1B /* Localizable.stringsdict */; };
		436C04882D4A2B4100708E1B /* Strings+Generated.swift in Sources */ = {isa = PBXBuildFile; fileRef = 436C04862D4A2B4100708E1B /* Strings+Generated.swift */; };
		436C04892D4A2B4100708E1B /* XCAssets+Generated.swift in Sources */ = {isa = PBXBuildFile; fileRef = 436C04872D4A2B4100708E1B /* XCAssets+Generated.swift */; };
		436C04942D4A2BD600708E1B /* TaskViewModel.swift in Sources */ = {isa = PBXBuildFile; fileRef = 436C04932D4A2BD600708E1B /* TaskViewModel.swift */; };
		436C04972D4A2BF400708E1B /* TaskListViewController.swift in Sources */ = {isa = PBXBuildFile; fileRef = 436C04962D4A2BF400708E1B /* TaskListViewController.swift */; };
		436C04992D4A2BFB00708E1B /* TaskTableViewCell.swift in Sources */ = {isa = PBXBuildFile; fileRef = 436C04982D4A2BFB00708E1B /* TaskTableViewCell.swift */; };
		436C049B2D4A2C0600708E1B /* TaskDetailViewController.swift in Sources */ = {isa = PBXBuildFile; fileRef = 436C049A2D4A2C0600708E1B /* TaskDetailViewController.swift */; };
		436C049E2D4A2C1500708E1B /* APIClient.swift in Sources */ = {isa = PBXBuildFile; fileRef = 436C049D2D4A2C1500708E1B /* APIClient.swift */; };
		436C04A12D4A2C2C00708E1B /* CoreDataManager.swift in Sources */ = {isa = PBXBuildFile; fileRef = 436C04A02D4A2C2C00708E1B /* CoreDataManager.swift */; };
		436C04A32D4A2D8000708E1B /* TaskStore.swift in Sources */ = {isa = PBXBuildFile; fileRef = 436C04A22D4A2D8000708E1B /* TaskStore.swift */; };
		436C04A52D4A2DFD00708E1B /* TaskModel.swift in Sources */ = {isa = PBXBuildFile; fileRef = 436C04A42D4A2DFD00708E1B /* TaskModel.swift */; };
		436C04A72D4A350400708E1B /* TaskListResponse.swift in Sources */ = {isa = PBXBuildFile; fileRef = 436C04A62D4A350400708E1B /* TaskListResponse.swift */; };
		436C04AC2D4A37DA00708E1B /* TaskListView.swift in Sources */ = {isa = PBXBuildFile; fileRef = 436C04AB2D4A37DA00708E1B /* TaskListView.swift */; };
		436C04B12D4A390A00708E1B /* ReuseProtocol.swift in Sources */ = {isa = PBXBuildFile; fileRef = 436C04B02D4A390A00708E1B /* ReuseProtocol.swift */; };
		436C04B32D4A3B5200708E1B /* Fonts.swift in Sources */ = {isa = PBXBuildFile; fileRef = 436C04B22D4A3B5200708E1B /* Fonts.swift */; };
		436C04CA2D4B5FEB00708E1B /* TaskCountTableViewCell.swift in Sources */ = {isa = PBXBuildFile; fileRef = 436C04C92D4B5FEB00708E1B /* TaskCountTableViewCell.swift */; };
		436C04CD2D4E399700708E1B /* TaskDetailView.swift in Sources */ = {isa = PBXBuildFile; fileRef = 436C04CC2D4E399700708E1B /* TaskDetailView.swift */; };
		436C04D12D4E3EA200708E1B /* DetailViewModel.swift in Sources */ = {isa = PBXBuildFile; fileRef = 436C04D02D4E3EA200708E1B /* DetailViewModel.swift */; };
		436C04D32D516BD100708E1B /* TaskListViewControllerTests.swift in Sources */ = {isa = PBXBuildFile; fileRef = 436C04D22D516BD100708E1B /* TaskListViewControllerTests.swift */; };
		436C04D52D516BFA00708E1B /* TaskViewModelTests.swift in Sources */ = {isa = PBXBuildFile; fileRef = 436C04D42D516BFA00708E1B /* TaskViewModelTests.swift */; };
		436C04DB2D5173AD00708E1B /* TaskDetailViewControllerTests.swift in Sources */ = {isa = PBXBuildFile; fileRef = 436C04DA2D5173AD00708E1B /* TaskDetailViewControllerTests.swift */; };
		4CC50D9783A889592170A5D5 /* Pods_ToDoList_ToDoListUITests.framework in Frameworks */ = {isa = PBXBuildFile; fileRef = 06670F1ED62A14576C342046 /* Pods_ToDoList_ToDoListUITests.framework */; };
		9748BCD2F056BC4BF467BA5D /* Pods_ToDoListTests.framework in Frameworks */ = {isa = PBXBuildFile; fileRef = E43CBA89AEEC2BE2ACA72F76 /* Pods_ToDoListTests.framework */; };
		FC12BD0A6DF7746122EF1BB6 /* Pods_ToDoList.framework in Frameworks */ = {isa = PBXBuildFile; fileRef = 8B5D0557547789A8F0A60FC8 /* Pods_ToDoList.framework */; };
/* End PBXBuildFile section */

/* Begin PBXContainerItemProxy section */
		433E93392D4A206D00FAE5E7 /* PBXContainerItemProxy */ = {
			isa = PBXContainerItemProxy;
			containerPortal = 433E93172D4A206C00FAE5E7 /* Project object */;
			proxyType = 1;
			remoteGlobalIDString = 433E931E2D4A206C00FAE5E7;
			remoteInfo = ToDoList;
		};
		433E93432D4A206D00FAE5E7 /* PBXContainerItemProxy */ = {
			isa = PBXContainerItemProxy;
			containerPortal = 433E93172D4A206C00FAE5E7 /* Project object */;
			proxyType = 1;
			remoteGlobalIDString = 433E931E2D4A206C00FAE5E7;
			remoteInfo = ToDoList;
		};
/* End PBXContainerItemProxy section */

/* Begin PBXFileReference section */
		06670F1ED62A14576C342046 /* Pods_ToDoList_ToDoListUITests.framework */ = {isa = PBXFileReference; explicitFileType = wrapper.framework; includeInIndex = 0; path = Pods_ToDoList_ToDoListUITests.framework; sourceTree = BUILT_PRODUCTS_DIR; };
		2E5F5DF8D5219CA22DA95F0E /* Pods-ToDoList-ToDoListUITests.release.xcconfig */ = {isa = PBXFileReference; includeInIndex = 1; lastKnownFileType = text.xcconfig; name = "Pods-ToDoList-ToDoListUITests.release.xcconfig"; path = "Target Support Files/Pods-ToDoList-ToDoListUITests/Pods-ToDoList-ToDoListUITests.release.xcconfig"; sourceTree = "<group>"; };
		433E931F2D4A206C00FAE5E7 /* ToDoList.app */ = {isa = PBXFileReference; explicitFileType = wrapper.application; includeInIndex = 0; path = ToDoList.app; sourceTree = BUILT_PRODUCTS_DIR; };
		433E93222D4A206C00FAE5E7 /* AppDelegate.swift */ = {isa = PBXFileReference; lastKnownFileType = sourcecode.swift; path = AppDelegate.swift; sourceTree = "<group>"; };
		433E93242D4A206C00FAE5E7 /* SceneDelegate.swift */ = {isa = PBXFileReference; lastKnownFileType = sourcecode.swift; path = SceneDelegate.swift; sourceTree = "<group>"; };
		433E93292D4A206C00FAE5E7 /* Base */ = {isa = PBXFileReference; lastKnownFileType = file.storyboard; name = Base; path = Base.lproj/Main.storyboard; sourceTree = "<group>"; };
		433E932C2D4A206C00FAE5E7 /* ToDoList.xcdatamodel */ = {isa = PBXFileReference; lastKnownFileType = wrapper.xcdatamodel; path = ToDoList.xcdatamodel; sourceTree = "<group>"; };
		433E932E2D4A206D00FAE5E7 /* Assets.xcassets */ = {isa = PBXFileReference; lastKnownFileType = folder.assetcatalog; path = Assets.xcassets; sourceTree = "<group>"; };
		433E93312D4A206D00FAE5E7 /* Base */ = {isa = PBXFileReference; lastKnownFileType = file.storyboard; name = Base; path = Base.lproj/LaunchScreen.storyboard; sourceTree = "<group>"; };
		433E93332D4A206D00FAE5E7 /* Info.plist */ = {isa = PBXFileReference; lastKnownFileType = text.plist.xml; path = Info.plist; sourceTree = "<group>"; };
		433E93382D4A206D00FAE5E7 /* ToDoListTests.xctest */ = {isa = PBXFileReference; explicitFileType = wrapper.cfbundle; includeInIndex = 0; path = ToDoListTests.xctest; sourceTree = BUILT_PRODUCTS_DIR; };
		433E93422D4A206D00FAE5E7 /* ToDoListUITests.xctest */ = {isa = PBXFileReference; explicitFileType = wrapper.cfbundle; includeInIndex = 0; path = ToDoListUITests.xctest; sourceTree = BUILT_PRODUCTS_DIR; };
		433E93462D4A206D00FAE5E7 /* ToDoListUITests.swift */ = {isa = PBXFileReference; lastKnownFileType = sourcecode.swift; path = ToDoListUITests.swift; sourceTree = "<group>"; };
		433E93482D4A206D00FAE5E7 /* ToDoListUITestsLaunchTests.swift */ = {isa = PBXFileReference; lastKnownFileType = sourcecode.swift; path = ToDoListUITestsLaunchTests.swift; sourceTree = "<group>"; };
		436C04702D4A221700708E1B /* swiftgen.yml */ = {isa = PBXFileReference; lastKnownFileType = text.yaml; path = swiftgen.yml; sourceTree = "<group>"; };
		436C04742D4A23DB00708E1B /* en */ = {isa = PBXFileReference; lastKnownFileType = text.plist.strings; name = en; path = en.lproj/Localizable.strings; sourceTree = "<group>"; };
		436C04782D4A240200708E1B /* ru */ = {isa = PBXFileReference; lastKnownFileType = text.plist.strings; name = ru; path = ru.lproj/Localizable.strings; sourceTree = "<group>"; };
		436C04792D4A24AC00708E1B /* Icons.xcassets */ = {isa = PBXFileReference; lastKnownFileType = folder.assetcatalog; path = Icons.xcassets; sourceTree = "<group>"; };
		436C047B2D4A259800708E1B /* Colors.xcassets */ = {isa = PBXFileReference; lastKnownFileType = folder.assetcatalog; path = Colors.xcassets; sourceTree = "<group>"; };
		436C04812D4A269A00708E1B /* ru */ = {isa = PBXFileReference; lastKnownFileType = text.plist.stringsdict; name = ru; path = ru.lproj/Localizable.stringsdict; sourceTree = "<group>"; };
		436C04832D4A27E400708E1B /* en */ = {isa = PBXFileReference; lastKnownFileType = text.plist.stringsdict; name = en; path = en.lproj/Localizable.stringsdict; sourceTree = "<group>"; };
		436C04862D4A2B4100708E1B /* Strings+Generated.swift */ = {isa = PBXFileReference; fileEncoding = 4; lastKnownFileType = sourcecode.swift; path = "Strings+Generated.swift"; sourceTree = "<group>"; };
		436C04872D4A2B4100708E1B /* XCAssets+Generated.swift */ = {isa = PBXFileReference; fileEncoding = 4; lastKnownFileType = sourcecode.swift; path = "XCAssets+Generated.swift"; sourceTree = "<group>"; };
		436C04932D4A2BD600708E1B /* TaskViewModel.swift */ = {isa = PBXFileReference; lastKnownFileType = sourcecode.swift; path = TaskViewModel.swift; sourceTree = "<group>"; };
		436C04962D4A2BF400708E1B /* TaskListViewController.swift */ = {isa = PBXFileReference; lastKnownFileType = sourcecode.swift; path = TaskListViewController.swift; sourceTree = "<group>"; };
		436C04982D4A2BFB00708E1B /* TaskTableViewCell.swift */ = {isa = PBXFileReference; lastKnownFileType = sourcecode.swift; path = TaskTableViewCell.swift; sourceTree = "<group>"; };
		436C049A2D4A2C0600708E1B /* TaskDetailViewController.swift */ = {isa = PBXFileReference; lastKnownFileType = sourcecode.swift; path = TaskDetailViewController.swift; sourceTree = "<group>"; };
		436C049D2D4A2C1500708E1B /* APIClient.swift */ = {isa = PBXFileReference; lastKnownFileType = sourcecode.swift; path = APIClient.swift; sourceTree = "<group>"; };
		436C04A02D4A2C2C00708E1B /* CoreDataManager.swift */ = {isa = PBXFileReference; lastKnownFileType = sourcecode.swift; path = CoreDataManager.swift; sourceTree = "<group>"; };
		436C04A22D4A2D8000708E1B /* TaskStore.swift */ = {isa = PBXFileReference; lastKnownFileType = sourcecode.swift; path = TaskStore.swift; sourceTree = "<group>"; };
		436C04A42D4A2DFD00708E1B /* TaskModel.swift */ = {isa = PBXFileReference; lastKnownFileType = sourcecode.swift; path = TaskModel.swift; sourceTree = "<group>"; };
		436C04A62D4A350400708E1B /* TaskListResponse.swift */ = {isa = PBXFileReference; lastKnownFileType = sourcecode.swift; path = TaskListResponse.swift; sourceTree = "<group>"; };
		436C04AB2D4A37DA00708E1B /* TaskListView.swift */ = {isa = PBXFileReference; lastKnownFileType = sourcecode.swift; path = TaskListView.swift; sourceTree = "<group>"; };
		436C04B02D4A390A00708E1B /* ReuseProtocol.swift */ = {isa = PBXFileReference; lastKnownFileType = sourcecode.swift; path = ReuseProtocol.swift; sourceTree = "<group>"; };
		436C04B22D4A3B5200708E1B /* Fonts.swift */ = {isa = PBXFileReference; lastKnownFileType = sourcecode.swift; path = Fonts.swift; sourceTree = "<group>"; };
		436C04B42D4A58A200708E1B /* ru */ = {isa = PBXFileReference; lastKnownFileType = text.plist.strings; name = ru; path = ru.lproj/Main.strings; sourceTree = "<group>"; };
		436C04B52D4A58A200708E1B /* ru */ = {isa = PBXFileReference; lastKnownFileType = text.plist.strings; name = ru; path = ru.lproj/LaunchScreen.strings; sourceTree = "<group>"; };
		436C04C92D4B5FEB00708E1B /* TaskCountTableViewCell.swift */ = {isa = PBXFileReference; lastKnownFileType = sourcecode.swift; path = TaskCountTableViewCell.swift; sourceTree = "<group>"; };
		436C04CC2D4E399700708E1B /* TaskDetailView.swift */ = {isa = PBXFileReference; lastKnownFileType = sourcecode.swift; path = TaskDetailView.swift; sourceTree = "<group>"; };
		436C04D02D4E3EA200708E1B /* DetailViewModel.swift */ = {isa = PBXFileReference; lastKnownFileType = sourcecode.swift; path = DetailViewModel.swift; sourceTree = "<group>"; };
		436C04D22D516BD100708E1B /* TaskListViewControllerTests.swift */ = {isa = PBXFileReference; lastKnownFileType = sourcecode.swift; path = TaskListViewControllerTests.swift; sourceTree = "<group>"; };
		436C04D42D516BFA00708E1B /* TaskViewModelTests.swift */ = {isa = PBXFileReference; lastKnownFileType = sourcecode.swift; path = TaskViewModelTests.swift; sourceTree = "<group>"; };
		436C04DA2D5173AD00708E1B /* TaskDetailViewControllerTests.swift */ = {isa = PBXFileReference; lastKnownFileType = sourcecode.swift; path = TaskDetailViewControllerTests.swift; sourceTree = "<group>"; };
		479D56CF0D4EA763F1219468 /* Pods-ToDoListTests.debug.xcconfig */ = {isa = PBXFileReference; includeInIndex = 1; lastKnownFileType = text.xcconfig; name = "Pods-ToDoListTests.debug.xcconfig"; path = "Target Support Files/Pods-ToDoListTests/Pods-ToDoListTests.debug.xcconfig"; sourceTree = "<group>"; };
		70B5D87E3085FA29038BA1C6 /* Pods-ToDoListTests.release.xcconfig */ = {isa = PBXFileReference; includeInIndex = 1; lastKnownFileType = text.xcconfig; name = "Pods-ToDoListTests.release.xcconfig"; path = "Target Support Files/Pods-ToDoListTests/Pods-ToDoListTests.release.xcconfig"; sourceTree = "<group>"; };
		7CA838134225A98BCC8D892F /* Pods-ToDoList-ToDoListUITests.debug.xcconfig */ = {isa = PBXFileReference; includeInIndex = 1; lastKnownFileType = text.xcconfig; name = "Pods-ToDoList-ToDoListUITests.debug.xcconfig"; path = "Target Support Files/Pods-ToDoList-ToDoListUITests/Pods-ToDoList-ToDoListUITests.debug.xcconfig"; sourceTree = "<group>"; };
		8B5D0557547789A8F0A60FC8 /* Pods_ToDoList.framework */ = {isa = PBXFileReference; explicitFileType = wrapper.framework; includeInIndex = 0; path = Pods_ToDoList.framework; sourceTree = BUILT_PRODUCTS_DIR; };
		CFE0FC47F5C6B00FA0D1C75D /* Pods-ToDoList.debug.xcconfig */ = {isa = PBXFileReference; includeInIndex = 1; lastKnownFileType = text.xcconfig; name = "Pods-ToDoList.debug.xcconfig"; path = "Target Support Files/Pods-ToDoList/Pods-ToDoList.debug.xcconfig"; sourceTree = "<group>"; };
		E43CBA89AEEC2BE2ACA72F76 /* Pods_ToDoListTests.framework */ = {isa = PBXFileReference; explicitFileType = wrapper.framework; includeInIndex = 0; path = Pods_ToDoListTests.framework; sourceTree = BUILT_PRODUCTS_DIR; };
		FA0DDD22D48F555AFCE77696 /* Pods-ToDoList.release.xcconfig */ = {isa = PBXFileReference; includeInIndex = 1; lastKnownFileType = text.xcconfig; name = "Pods-ToDoList.release.xcconfig"; path = "Target Support Files/Pods-ToDoList/Pods-ToDoList.release.xcconfig"; sourceTree = "<group>"; };
/* End PBXFileReference section */

/* Begin PBXFrameworksBuildPhase section */
		433E931C2D4A206C00FAE5E7 /* Frameworks */ = {
			isa = PBXFrameworksBuildPhase;
			buildActionMask = 2147483647;
			files = (
				FC12BD0A6DF7746122EF1BB6 /* Pods_ToDoList.framework in Frameworks */,
			);
			runOnlyForDeploymentPostprocessing = 0;
		};
		433E93352D4A206D00FAE5E7 /* Frameworks */ = {
			isa = PBXFrameworksBuildPhase;
			buildActionMask = 2147483647;
			files = (
				9748BCD2F056BC4BF467BA5D /* Pods_ToDoListTests.framework in Frameworks */,
			);
			runOnlyForDeploymentPostprocessing = 0;
		};
		433E933F2D4A206D00FAE5E7 /* Frameworks */ = {
			isa = PBXFrameworksBuildPhase;
			buildActionMask = 2147483647;
			files = (
				4CC50D9783A889592170A5D5 /* Pods_ToDoList_ToDoListUITests.framework in Frameworks */,
			);
			runOnlyForDeploymentPostprocessing = 0;
		};
/* End PBXFrameworksBuildPhase section */

/* Begin PBXGroup section */
		0823DD59B1760FE556B2E16A /* Pods */ = {
			isa = PBXGroup;
			children = (
				CFE0FC47F5C6B00FA0D1C75D /* Pods-ToDoList.debug.xcconfig */,
				FA0DDD22D48F555AFCE77696 /* Pods-ToDoList.release.xcconfig */,
				7CA838134225A98BCC8D892F /* Pods-ToDoList-ToDoListUITests.debug.xcconfig */,
				2E5F5DF8D5219CA22DA95F0E /* Pods-ToDoList-ToDoListUITests.release.xcconfig */,
				479D56CF0D4EA763F1219468 /* Pods-ToDoListTests.debug.xcconfig */,
				70B5D87E3085FA29038BA1C6 /* Pods-ToDoListTests.release.xcconfig */,
			);
			path = Pods;
			sourceTree = "<group>";
		};
		433E93162D4A206C00FAE5E7 = {
			isa = PBXGroup;
			children = (
				433E93212D4A206C00FAE5E7 /* ToDoList */,
				433E933B2D4A206D00FAE5E7 /* ToDoListTests */,
				433E93452D4A206D00FAE5E7 /* ToDoListUITests */,
				433E93202D4A206C00FAE5E7 /* Products */,
				0823DD59B1760FE556B2E16A /* Pods */,
				6F61C6BF8BA53C8E060D6ADF /* Frameworks */,
			);
			sourceTree = "<group>";
		};
		433E93202D4A206C00FAE5E7 /* Products */ = {
			isa = PBXGroup;
			children = (
				433E931F2D4A206C00FAE5E7 /* ToDoList.app */,
				433E93382D4A206D00FAE5E7 /* ToDoListTests.xctest */,
				433E93422D4A206D00FAE5E7 /* ToDoListUITests.xctest */,
			);
			name = Products;
			sourceTree = "<group>";
		};
		433E93212D4A206C00FAE5E7 /* ToDoList */ = {
			isa = PBXGroup;
			children = (
				436C04AF2D4A38F400708E1B /* Protocols */,
				436C04AA2D4A37BD00708E1B /* Controller */,
				436C049F2D4A2C2400708E1B /* CoreData */,
				436C049C2D4A2C0D00708E1B /* Network */,
				436C04952D4A2BE800708E1B /* View */,
				436C04922D4A2BC400708E1B /* ViewModel */,
				436C048A2D4A2B8C00708E1B /* Model */,
				436C04852D4A2AD700708E1B /* Generated */,
				436C04722D4A237800708E1B /* Resources */,
				433E93222D4A206C00FAE5E7 /* AppDelegate.swift */,
				433E93242D4A206C00FAE5E7 /* SceneDelegate.swift */,
				433E93282D4A206C00FAE5E7 /* Main.storyboard */,
				433E932E2D4A206D00FAE5E7 /* Assets.xcassets */,
				433E93302D4A206D00FAE5E7 /* LaunchScreen.storyboard */,
				433E93332D4A206D00FAE5E7 /* Info.plist */,
				436C04702D4A221700708E1B /* swiftgen.yml */,
			);
			path = ToDoList;
			sourceTree = "<group>";
		};
		433E933B2D4A206D00FAE5E7 /* ToDoListTests */ = {
			isa = PBXGroup;
			children = (
				436C04D22D516BD100708E1B /* TaskListViewControllerTests.swift */,
				436C04D42D516BFA00708E1B /* TaskViewModelTests.swift */,
				436C04DA2D5173AD00708E1B /* TaskDetailViewControllerTests.swift */,
			);
			path = ToDoListTests;
			sourceTree = "<group>";
		};
		433E93452D4A206D00FAE5E7 /* ToDoListUITests */ = {
			isa = PBXGroup;
			children = (
				433E93462D4A206D00FAE5E7 /* ToDoListUITests.swift */,
				433E93482D4A206D00FAE5E7 /* ToDoListUITestsLaunchTests.swift */,
			);
			path = ToDoListUITests;
			sourceTree = "<group>";
		};
		436C04722D4A237800708E1B /* Resources */ = {
			isa = PBXGroup;
			children = (
				436C04732D4A23DB00708E1B /* Localizable.strings */,
				436C04792D4A24AC00708E1B /* Icons.xcassets */,
				436C047B2D4A259800708E1B /* Colors.xcassets */,
				436C047D2D4A264000708E1B /* Localizable.stringsdict */,
			);
			path = Resources;
			sourceTree = "<group>";
		};
		436C04852D4A2AD700708E1B /* Generated */ = {
			isa = PBXGroup;
			children = (
				436C04862D4A2B4100708E1B /* Strings+Generated.swift */,
				436C04872D4A2B4100708E1B /* XCAssets+Generated.swift */,
				436C04B22D4A3B5200708E1B /* Fonts.swift */,
			);
			path = Generated;
			sourceTree = "<group>";
		};
		436C048A2D4A2B8C00708E1B /* Model */ = {
			isa = PBXGroup;
			children = (
				436C04A42D4A2DFD00708E1B /* TaskModel.swift */,
				436C04A62D4A350400708E1B /* TaskListResponse.swift */,
			);
			path = Model;
			sourceTree = "<group>";
		};
		436C04922D4A2BC400708E1B /* ViewModel */ = {
			isa = PBXGroup;
			children = (
				436C04932D4A2BD600708E1B /* TaskViewModel.swift */,
				436C04D02D4E3EA200708E1B /* DetailViewModel.swift */,
			);
			path = ViewModel;
			sourceTree = "<group>";
		};
		436C04952D4A2BE800708E1B /* View */ = {
			isa = PBXGroup;
			children = (
				436C04CB2D4E398900708E1B /* Detail */,
				436C04982D4A2BFB00708E1B /* TaskTableViewCell.swift */,
				436C04AB2D4A37DA00708E1B /* TaskListView.swift */,
				436C04C92D4B5FEB00708E1B /* TaskCountTableViewCell.swift */,
			);
			path = View;
			sourceTree = "<group>";
		};
		436C049C2D4A2C0D00708E1B /* Network */ = {
			isa = PBXGroup;
			children = (
				436C049D2D4A2C1500708E1B /* APIClient.swift */,
			);
			path = Network;
			sourceTree = "<group>";
		};
		436C049F2D4A2C2400708E1B /* CoreData */ = {
			isa = PBXGroup;
			children = (
				433E932B2D4A206C00FAE5E7 /* ToDoList.xcdatamodeld */,
				436C04A02D4A2C2C00708E1B /* CoreDataManager.swift */,
				436C04A22D4A2D8000708E1B /* TaskStore.swift */,
			);
			path = CoreData;
			sourceTree = "<group>";
		};
		436C04AA2D4A37BD00708E1B /* Controller */ = {
			isa = PBXGroup;
			children = (
				436C049A2D4A2C0600708E1B /* TaskDetailViewController.swift */,
				436C04962D4A2BF400708E1B /* TaskListViewController.swift */,
			);
			path = Controller;
			sourceTree = "<group>";
		};
		436C04AF2D4A38F400708E1B /* Protocols */ = {
			isa = PBXGroup;
			children = (
				436C04B02D4A390A00708E1B /* ReuseProtocol.swift */,
			);
			path = Protocols;
			sourceTree = "<group>";
		};
		436C04CB2D4E398900708E1B /* Detail */ = {
			isa = PBXGroup;
			children = (
				436C04CC2D4E399700708E1B /* TaskDetailView.swift */,
			);
			path = Detail;
			sourceTree = "<group>";
		};
		6F61C6BF8BA53C8E060D6ADF /* Frameworks */ = {
			isa = PBXGroup;
			children = (
				8B5D0557547789A8F0A60FC8 /* Pods_ToDoList.framework */,
				06670F1ED62A14576C342046 /* Pods_ToDoList_ToDoListUITests.framework */,
				E43CBA89AEEC2BE2ACA72F76 /* Pods_ToDoListTests.framework */,
			);
			name = Frameworks;
			sourceTree = "<group>";
		};
/* End PBXGroup section */

/* Begin PBXNativeTarget section */
		433E931E2D4A206C00FAE5E7 /* ToDoList */ = {
			isa = PBXNativeTarget;
			buildConfigurationList = 433E934C2D4A206D00FAE5E7 /* Build configuration list for PBXNativeTarget "ToDoList" */;
			buildPhases = (
				71C47BB0D4156DA88C63521B /* [CP] Check Pods Manifest.lock */,
				433E931B2D4A206C00FAE5E7 /* Sources */,
				433E931C2D4A206C00FAE5E7 /* Frameworks */,
				433E931D2D4A206C00FAE5E7 /* Resources */,
				8506E435A07394E24637525A /* [CP] Embed Pods Frameworks */,
			);
			buildRules = (
			);
			dependencies = (
			);
			name = ToDoList;
			productName = ToDoList;
			productReference = 433E931F2D4A206C00FAE5E7 /* ToDoList.app */;
			productType = "com.apple.product-type.application";
		};
		433E93372D4A206D00FAE5E7 /* ToDoListTests */ = {
			isa = PBXNativeTarget;
			buildConfigurationList = 433E934F2D4A206D00FAE5E7 /* Build configuration list for PBXNativeTarget "ToDoListTests" */;
			buildPhases = (
				6C9E979BCC36BF96FDDFB4CA /* [CP] Check Pods Manifest.lock */,
				433E93342D4A206D00FAE5E7 /* Sources */,
				433E93352D4A206D00FAE5E7 /* Frameworks */,
				433E93362D4A206D00FAE5E7 /* Resources */,
			);
			buildRules = (
			);
			dependencies = (
				433E933A2D4A206D00FAE5E7 /* PBXTargetDependency */,
			);
			name = ToDoListTests;
			productName = ToDoListTests;
			productReference = 433E93382D4A206D00FAE5E7 /* ToDoListTests.xctest */;
			productType = "com.apple.product-type.bundle.unit-test";
		};
		433E93412D4A206D00FAE5E7 /* ToDoListUITests */ = {
			isa = PBXNativeTarget;
			buildConfigurationList = 433E93522D4A206D00FAE5E7 /* Build configuration list for PBXNativeTarget "ToDoListUITests" */;
			buildPhases = (
				A9F72EF92E0587A8C6988740 /* [CP] Check Pods Manifest.lock */,
				433E933E2D4A206D00FAE5E7 /* Sources */,
				433E933F2D4A206D00FAE5E7 /* Frameworks */,
				433E93402D4A206D00FAE5E7 /* Resources */,
				A0A49F8DD7F85EF1A669B2AA /* [CP] Embed Pods Frameworks */,
			);
			buildRules = (
			);
			dependencies = (
				433E93442D4A206D00FAE5E7 /* PBXTargetDependency */,
			);
			name = ToDoListUITests;
			productName = ToDoListUITests;
			productReference = 433E93422D4A206D00FAE5E7 /* ToDoListUITests.xctest */;
			productType = "com.apple.product-type.bundle.ui-testing";
		};
/* End PBXNativeTarget section */

/* Begin PBXProject section */
		433E93172D4A206C00FAE5E7 /* Project object */ = {
			isa = PBXProject;
			attributes = {
				BuildIndependentTargetsInParallel = 1;
				LastSwiftUpdateCheck = 1540;
				LastUpgradeCheck = 1540;
				TargetAttributes = {
					433E931E2D4A206C00FAE5E7 = {
						CreatedOnToolsVersion = 15.4;
					};
					433E93372D4A206D00FAE5E7 = {
						CreatedOnToolsVersion = 15.4;
						LastSwiftMigration = 1540;
						TestTargetID = 433E931E2D4A206C00FAE5E7;
					};
					433E93412D4A206D00FAE5E7 = {
						CreatedOnToolsVersion = 15.4;
						TestTargetID = 433E931E2D4A206C00FAE5E7;
					};
				};
			};
			buildConfigurationList = 433E931A2D4A206C00FAE5E7 /* Build configuration list for PBXProject "ToDoList" */;
			compatibilityVersion = "Xcode 14.0";
			developmentRegion = en;
			hasScannedForEncodings = 0;
			knownRegions = (
				en,
				Base,
				ru,
			);
			mainGroup = 433E93162D4A206C00FAE5E7;
			productRefGroup = 433E93202D4A206C00FAE5E7 /* Products */;
			projectDirPath = "";
			projectRoot = "";
			targets = (
				433E931E2D4A206C00FAE5E7 /* ToDoList */,
				433E93372D4A206D00FAE5E7 /* ToDoListTests */,
				433E93412D4A206D00FAE5E7 /* ToDoListUITests */,
			);
		};
/* End PBXProject section */

/* Begin PBXResourcesBuildPhase section */
		433E931D2D4A206C00FAE5E7 /* Resources */ = {
			isa = PBXResourcesBuildPhase;
			buildActionMask = 2147483647;
			files = (
				436C04752D4A23DB00708E1B /* Localizable.strings in Resources */,
				433E932F2D4A206D00FAE5E7 /* Assets.xcassets in Resources */,
				433E93322D4A206D00FAE5E7 /* Base in Resources */,
				433E932A2D4A206C00FAE5E7 /* Base in Resources */,
				436C047A2D4A24AC00708E1B /* Icons.xcassets in Resources */,
				436C047F2D4A264000708E1B /* Localizable.stringsdict in Resources */,
				436C04712D4A221700708E1B /* swiftgen.yml in Resources */,
				436C047C2D4A259800708E1B /* Colors.xcassets in Resources */,
			);
			runOnlyForDeploymentPostprocessing = 0;
		};
		433E93362D4A206D00FAE5E7 /* Resources */ = {
			isa = PBXResourcesBuildPhase;
			buildActionMask = 2147483647;
			files = (
			);
			runOnlyForDeploymentPostprocessing = 0;
		};
		433E93402D4A206D00FAE5E7 /* Resources */ = {
			isa = PBXResourcesBuildPhase;
			buildActionMask = 2147483647;
			files = (
			);
			runOnlyForDeploymentPostprocessing = 0;
		};
/* End PBXResourcesBuildPhase section */

/* Begin PBXShellScriptBuildPhase section */
		6C9E979BCC36BF96FDDFB4CA /* [CP] Check Pods Manifest.lock */ = {
			isa = PBXShellScriptBuildPhase;
			buildActionMask = 2147483647;
			files = (
			);
			inputFileListPaths = (
			);
			inputPaths = (
				"${PODS_PODFILE_DIR_PATH}/Podfile.lock",
				"${PODS_ROOT}/Manifest.lock",
			);
			name = "[CP] Check Pods Manifest.lock";
			outputFileListPaths = (
			);
			outputPaths = (
				"$(DERIVED_FILE_DIR)/Pods-ToDoListTests-checkManifestLockResult.txt",
			);
			runOnlyForDeploymentPostprocessing = 0;
			shellPath = /bin/sh;
			shellScript = "diff \"${PODS_PODFILE_DIR_PATH}/Podfile.lock\" \"${PODS_ROOT}/Manifest.lock\" > /dev/null\nif [ $? != 0 ] ; then\n    # print error to STDERR\n    echo \"error: The sandbox is not in sync with the Podfile.lock. Run 'pod install' or update your CocoaPods installation.\" >&2\n    exit 1\nfi\n# This output is used by Xcode 'outputs' to avoid re-running this script phase.\necho \"SUCCESS\" > \"${SCRIPT_OUTPUT_FILE_0}\"\n";
			showEnvVarsInLog = 0;
		};
		71C47BB0D4156DA88C63521B /* [CP] Check Pods Manifest.lock */ = {
			isa = PBXShellScriptBuildPhase;
			buildActionMask = 2147483647;
			files = (
			);
			inputFileListPaths = (
			);
			inputPaths = (
				"${PODS_PODFILE_DIR_PATH}/Podfile.lock",
				"${PODS_ROOT}/Manifest.lock",
			);
			name = "[CP] Check Pods Manifest.lock";
			outputFileListPaths = (
			);
			outputPaths = (
				"$(DERIVED_FILE_DIR)/Pods-ToDoList-checkManifestLockResult.txt",
			);
			runOnlyForDeploymentPostprocessing = 0;
			shellPath = /bin/sh;
			shellScript = "diff \"${PODS_PODFILE_DIR_PATH}/Podfile.lock\" \"${PODS_ROOT}/Manifest.lock\" > /dev/null\nif [ $? != 0 ] ; then\n    # print error to STDERR\n    echo \"error: The sandbox is not in sync with the Podfile.lock. Run 'pod install' or update your CocoaPods installation.\" >&2\n    exit 1\nfi\n# This output is used by Xcode 'outputs' to avoid re-running this script phase.\necho \"SUCCESS\" > \"${SCRIPT_OUTPUT_FILE_0}\"\n";
			showEnvVarsInLog = 0;
		};
		8506E435A07394E24637525A /* [CP] Embed Pods Frameworks */ = {
			isa = PBXShellScriptBuildPhase;
			buildActionMask = 2147483647;
			files = (
			);
			inputFileListPaths = (
				"${PODS_ROOT}/Target Support Files/Pods-ToDoList/Pods-ToDoList-frameworks-${CONFIGURATION}-input-files.xcfilelist",
			);
			name = "[CP] Embed Pods Frameworks";
			outputFileListPaths = (
				"${PODS_ROOT}/Target Support Files/Pods-ToDoList/Pods-ToDoList-frameworks-${CONFIGURATION}-output-files.xcfilelist",
			);
			runOnlyForDeploymentPostprocessing = 0;
			shellPath = /bin/sh;
			shellScript = "\"${PODS_ROOT}/Target Support Files/Pods-ToDoList/Pods-ToDoList-frameworks.sh\"\n";
			showEnvVarsInLog = 0;
		};
		A0A49F8DD7F85EF1A669B2AA /* [CP] Embed Pods Frameworks */ = {
			isa = PBXShellScriptBuildPhase;
			buildActionMask = 2147483647;
			files = (
			);
			inputFileListPaths = (
				"${PODS_ROOT}/Target Support Files/Pods-ToDoList-ToDoListUITests/Pods-ToDoList-ToDoListUITests-frameworks-${CONFIGURATION}-input-files.xcfilelist",
			);
			name = "[CP] Embed Pods Frameworks";
			outputFileListPaths = (
				"${PODS_ROOT}/Target Support Files/Pods-ToDoList-ToDoListUITests/Pods-ToDoList-ToDoListUITests-frameworks-${CONFIGURATION}-output-files.xcfilelist",
			);
			runOnlyForDeploymentPostprocessing = 0;
			shellPath = /bin/sh;
			shellScript = "\"${PODS_ROOT}/Target Support Files/Pods-ToDoList-ToDoListUITests/Pods-ToDoList-ToDoListUITests-frameworks.sh\"\n";
			showEnvVarsInLog = 0;
		};
		A9F72EF92E0587A8C6988740 /* [CP] Check Pods Manifest.lock */ = {
			isa = PBXShellScriptBuildPhase;
			buildActionMask = 2147483647;
			files = (
			);
			inputFileListPaths = (
			);
			inputPaths = (
				"${PODS_PODFILE_DIR_PATH}/Podfile.lock",
				"${PODS_ROOT}/Manifest.lock",
			);
			name = "[CP] Check Pods Manifest.lock";
			outputFileListPaths = (
			);
			outputPaths = (
				"$(DERIVED_FILE_DIR)/Pods-ToDoList-ToDoListUITests-checkManifestLockResult.txt",
			);
			runOnlyForDeploymentPostprocessing = 0;
			shellPath = /bin/sh;
			shellScript = "diff \"${PODS_PODFILE_DIR_PATH}/Podfile.lock\" \"${PODS_ROOT}/Manifest.lock\" > /dev/null\nif [ $? != 0 ] ; then\n    # print error to STDERR\n    echo \"error: The sandbox is not in sync with the Podfile.lock. Run 'pod install' or update your CocoaPods installation.\" >&2\n    exit 1\nfi\n# This output is used by Xcode 'outputs' to avoid re-running this script phase.\necho \"SUCCESS\" > \"${SCRIPT_OUTPUT_FILE_0}\"\n";
			showEnvVarsInLog = 0;
		};
/* End PBXShellScriptBuildPhase section */

/* Begin PBXSourcesBuildPhase section */
		433E931B2D4A206C00FAE5E7 /* Sources */ = {
			isa = PBXSourcesBuildPhase;
			buildActionMask = 2147483647;
			files = (
				436C04892D4A2B4100708E1B /* XCAssets+Generated.swift in Sources */,
				433E93232D4A206C00FAE5E7 /* AppDelegate.swift in Sources */,
				436C04CA2D4B5FEB00708E1B /* TaskCountTableViewCell.swift in Sources */,
				436C04D12D4E3EA200708E1B /* DetailViewModel.swift in Sources */,
				436C04AC2D4A37DA00708E1B /* TaskListView.swift in Sources */,
				433E93252D4A206C00FAE5E7 /* SceneDelegate.swift in Sources */,
				436C04882D4A2B4100708E1B /* Strings+Generated.swift in Sources */,
				436C04992D4A2BFB00708E1B /* TaskTableViewCell.swift in Sources */,
				436C04A32D4A2D8000708E1B /* TaskStore.swift in Sources */,
				436C049B2D4A2C0600708E1B /* TaskDetailViewController.swift in Sources */,
				436C04A12D4A2C2C00708E1B /* CoreDataManager.swift in Sources */,
				436C04972D4A2BF400708E1B /* TaskListViewController.swift in Sources */,
				436C04942D4A2BD600708E1B /* TaskViewModel.swift in Sources */,
				436C04B12D4A390A00708E1B /* ReuseProtocol.swift in Sources */,
				436C04A52D4A2DFD00708E1B /* TaskModel.swift in Sources */,
				436C04A72D4A350400708E1B /* TaskListResponse.swift in Sources */,
				433E932D2D4A206C00FAE5E7 /* ToDoList.xcdatamodeld in Sources */,
				436C04CD2D4E399700708E1B /* TaskDetailView.swift in Sources */,
				436C04B32D4A3B5200708E1B /* Fonts.swift in Sources */,
				436C049E2D4A2C1500708E1B /* APIClient.swift in Sources */,
			);
			runOnlyForDeploymentPostprocessing = 0;
		};
		433E93342D4A206D00FAE5E7 /* Sources */ = {
			isa = PBXSourcesBuildPhase;
			buildActionMask = 2147483647;
			files = (
				436C04DB2D5173AD00708E1B /* TaskDetailViewControllerTests.swift in Sources */,
				436C04D32D516BD100708E1B /* TaskListViewControllerTests.swift in Sources */,
				436C04D52D516BFA00708E1B /* TaskViewModelTests.swift in Sources */,
			);
			runOnlyForDeploymentPostprocessing = 0;
		};
		433E933E2D4A206D00FAE5E7 /* Sources */ = {
			isa = PBXSourcesBuildPhase;
			buildActionMask = 2147483647;
			files = (
				433E93492D4A206D00FAE5E7 /* ToDoListUITestsLaunchTests.swift in Sources */,
				433E93472D4A206D00FAE5E7 /* ToDoListUITests.swift in Sources */,
			);
			runOnlyForDeploymentPostprocessing = 0;
		};
/* End PBXSourcesBuildPhase section */

/* Begin PBXTargetDependency section */
		433E933A2D4A206D00FAE5E7 /* PBXTargetDependency */ = {
			isa = PBXTargetDependency;
			target = 433E931E2D4A206C00FAE5E7 /* ToDoList */;
			targetProxy = 433E93392D4A206D00FAE5E7 /* PBXContainerItemProxy */;
		};
		433E93442D4A206D00FAE5E7 /* PBXTargetDependency */ = {
			isa = PBXTargetDependency;
			target = 433E931E2D4A206C00FAE5E7 /* ToDoList */;
			targetProxy = 433E93432D4A206D00FAE5E7 /* PBXContainerItemProxy */;
		};
/* End PBXTargetDependency section */

/* Begin PBXVariantGroup section */
		433E93282D4A206C00FAE5E7 /* Main.storyboard */ = {
			isa = PBXVariantGroup;
			children = (
				433E93292D4A206C00FAE5E7 /* Base */,
				436C04B42D4A58A200708E1B /* ru */,
			);
			name = Main.storyboard;
			sourceTree = "<group>";
		};
		433E93302D4A206D00FAE5E7 /* LaunchScreen.storyboard */ = {
			isa = PBXVariantGroup;
			children = (
				433E93312D4A206D00FAE5E7 /* Base */,
				436C04B52D4A58A200708E1B /* ru */,
			);
			name = LaunchScreen.storyboard;
			sourceTree = "<group>";
		};
		436C04732D4A23DB00708E1B /* Localizable.strings */ = {
			isa = PBXVariantGroup;
			children = (
				436C04742D4A23DB00708E1B /* en */,
				436C04782D4A240200708E1B /* ru */,
			);
			name = Localizable.strings;
			sourceTree = "<group>";
		};
		436C047D2D4A264000708E1B /* Localizable.stringsdict */ = {
			isa = PBXVariantGroup;
			children = (
				436C04812D4A269A00708E1B /* ru */,
				436C04832D4A27E400708E1B /* en */,
			);
			name = Localizable.stringsdict;
			sourceTree = "<group>";
		};
/* End PBXVariantGroup section */

/* Begin XCBuildConfiguration section */
		433E934A2D4A206D00FAE5E7 /* Debug */ = {
			isa = XCBuildConfiguration;
			buildSettings = {
				ALWAYS_SEARCH_USER_PATHS = NO;
				ASSETCATALOG_COMPILER_GENERATE_SWIFT_ASSET_SYMBOL_EXTENSIONS = YES;
				CLANG_ANALYZER_LOCALIZABILITY_NONLOCALIZED = YES;
				CLANG_ANALYZER_NONNULL = YES;
				CLANG_ANALYZER_NUMBER_OBJECT_CONVERSION = YES_AGGRESSIVE;
				CLANG_CXX_LANGUAGE_STANDARD = "gnu++20";
				CLANG_ENABLE_MODULES = YES;
				CLANG_ENABLE_OBJC_ARC = YES;
				CLANG_ENABLE_OBJC_WEAK = YES;
				CLANG_WARN_BLOCK_CAPTURE_AUTORELEASING = YES;
				CLANG_WARN_BOOL_CONVERSION = YES;
				CLANG_WARN_COMMA = YES;
				CLANG_WARN_CONSTANT_CONVERSION = YES;
				CLANG_WARN_DEPRECATED_OBJC_IMPLEMENTATIONS = YES;
				CLANG_WARN_DIRECT_OBJC_ISA_USAGE = YES_ERROR;
				CLANG_WARN_DOCUMENTATION_COMMENTS = YES;
				CLANG_WARN_EMPTY_BODY = YES;
				CLANG_WARN_ENUM_CONVERSION = YES;
				CLANG_WARN_INFINITE_RECURSION = YES;
				CLANG_WARN_INT_CONVERSION = YES;
				CLANG_WARN_NON_LITERAL_NULL_CONVERSION = YES;
				CLANG_WARN_OBJC_IMPLICIT_RETAIN_SELF = YES;
				CLANG_WARN_OBJC_LITERAL_CONVERSION = YES;
				CLANG_WARN_OBJC_ROOT_CLASS = YES_ERROR;
				CLANG_WARN_QUOTED_INCLUDE_IN_FRAMEWORK_HEADER = YES;
				CLANG_WARN_RANGE_LOOP_ANALYSIS = YES;
				CLANG_WARN_STRICT_PROTOTYPES = YES;
				CLANG_WARN_SUSPICIOUS_MOVE = YES;
				CLANG_WARN_UNGUARDED_AVAILABILITY = YES_AGGRESSIVE;
				CLANG_WARN_UNREACHABLE_CODE = YES;
				CLANG_WARN__DUPLICATE_METHOD_MATCH = YES;
				COPY_PHASE_STRIP = NO;
				DEBUG_INFORMATION_FORMAT = dwarf;
				ENABLE_STRICT_OBJC_MSGSEND = YES;
				ENABLE_TESTABILITY = YES;
				ENABLE_USER_SCRIPT_SANDBOXING = NO;
				GCC_C_LANGUAGE_STANDARD = gnu17;
				GCC_DYNAMIC_NO_PIC = NO;
				GCC_NO_COMMON_BLOCKS = YES;
				GCC_OPTIMIZATION_LEVEL = 0;
				GCC_PREPROCESSOR_DEFINITIONS = (
					"DEBUG=1",
					"$(inherited)",
				);
				GCC_WARN_64_TO_32_BIT_CONVERSION = YES;
				GCC_WARN_ABOUT_RETURN_TYPE = YES_ERROR;
				GCC_WARN_UNDECLARED_SELECTOR = YES;
				GCC_WARN_UNINITIALIZED_AUTOS = YES_AGGRESSIVE;
				GCC_WARN_UNUSED_FUNCTION = YES;
				GCC_WARN_UNUSED_VARIABLE = YES;
				IPHONEOS_DEPLOYMENT_TARGET = 15.0;
				LOCALIZATION_PREFERS_STRING_CATALOGS = YES;
				MTL_ENABLE_DEBUG_INFO = INCLUDE_SOURCE;
				MTL_FAST_MATH = YES;
				ONLY_ACTIVE_ARCH = YES;
				SDKROOT = iphoneos;
				SWIFT_ACTIVE_COMPILATION_CONDITIONS = "DEBUG $(inherited)";
				SWIFT_OPTIMIZATION_LEVEL = "-Onone";
			};
			name = Debug;
		};
		433E934B2D4A206D00FAE5E7 /* Release */ = {
			isa = XCBuildConfiguration;
			buildSettings = {
				ALWAYS_SEARCH_USER_PATHS = NO;
				ASSETCATALOG_COMPILER_GENERATE_SWIFT_ASSET_SYMBOL_EXTENSIONS = YES;
				CLANG_ANALYZER_LOCALIZABILITY_NONLOCALIZED = YES;
				CLANG_ANALYZER_NONNULL = YES;
				CLANG_ANALYZER_NUMBER_OBJECT_CONVERSION = YES_AGGRESSIVE;
				CLANG_CXX_LANGUAGE_STANDARD = "gnu++20";
				CLANG_ENABLE_MODULES = YES;
				CLANG_ENABLE_OBJC_ARC = YES;
				CLANG_ENABLE_OBJC_WEAK = YES;
				CLANG_WARN_BLOCK_CAPTURE_AUTORELEASING = YES;
				CLANG_WARN_BOOL_CONVERSION = YES;
				CLANG_WARN_COMMA = YES;
				CLANG_WARN_CONSTANT_CONVERSION = YES;
				CLANG_WARN_DEPRECATED_OBJC_IMPLEMENTATIONS = YES;
				CLANG_WARN_DIRECT_OBJC_ISA_USAGE = YES_ERROR;
				CLANG_WARN_DOCUMENTATION_COMMENTS = YES;
				CLANG_WARN_EMPTY_BODY = YES;
				CLANG_WARN_ENUM_CONVERSION = YES;
				CLANG_WARN_INFINITE_RECURSION = YES;
				CLANG_WARN_INT_CONVERSION = YES;
				CLANG_WARN_NON_LITERAL_NULL_CONVERSION = YES;
				CLANG_WARN_OBJC_IMPLICIT_RETAIN_SELF = YES;
				CLANG_WARN_OBJC_LITERAL_CONVERSION = YES;
				CLANG_WARN_OBJC_ROOT_CLASS = YES_ERROR;
				CLANG_WARN_QUOTED_INCLUDE_IN_FRAMEWORK_HEADER = YES;
				CLANG_WARN_RANGE_LOOP_ANALYSIS = YES;
				CLANG_WARN_STRICT_PROTOTYPES = YES;
				CLANG_WARN_SUSPICIOUS_MOVE = YES;
				CLANG_WARN_UNGUARDED_AVAILABILITY = YES_AGGRESSIVE;
				CLANG_WARN_UNREACHABLE_CODE = YES;
				CLANG_WARN__DUPLICATE_METHOD_MATCH = YES;
				COPY_PHASE_STRIP = NO;
				DEBUG_INFORMATION_FORMAT = "dwarf-with-dsym";
				ENABLE_NS_ASSERTIONS = NO;
				ENABLE_STRICT_OBJC_MSGSEND = YES;
				ENABLE_USER_SCRIPT_SANDBOXING = NO;
				GCC_C_LANGUAGE_STANDARD = gnu17;
				GCC_NO_COMMON_BLOCKS = YES;
				GCC_WARN_64_TO_32_BIT_CONVERSION = YES;
				GCC_WARN_ABOUT_RETURN_TYPE = YES_ERROR;
				GCC_WARN_UNDECLARED_SELECTOR = YES;
				GCC_WARN_UNINITIALIZED_AUTOS = YES_AGGRESSIVE;
				GCC_WARN_UNUSED_FUNCTION = YES;
				GCC_WARN_UNUSED_VARIABLE = YES;
				IPHONEOS_DEPLOYMENT_TARGET = 15.0;
				LOCALIZATION_PREFERS_STRING_CATALOGS = YES;
				MTL_ENABLE_DEBUG_INFO = NO;
				MTL_FAST_MATH = YES;
				SDKROOT = iphoneos;
				SWIFT_COMPILATION_MODE = wholemodule;
				VALIDATE_PRODUCT = YES;
			};
			name = Release;
		};
		433E934D2D4A206D00FAE5E7 /* Debug */ = {
			isa = XCBuildConfiguration;
			baseConfigurationReference = CFE0FC47F5C6B00FA0D1C75D /* Pods-ToDoList.debug.xcconfig */;
			buildSettings = {
				ASSETCATALOG_COMPILER_APPICON_NAME = AppIcon;
				ASSETCATALOG_COMPILER_GLOBAL_ACCENT_COLOR_NAME = AccentColor;
				CODE_SIGN_STYLE = Automatic;
				CURRENT_PROJECT_VERSION = 1;
				DEVELOPMENT_TEAM = V6DMK3YX7D;
				GENERATE_INFOPLIST_FILE = YES;
				INFOPLIST_FILE = ToDoList/Info.plist;
				INFOPLIST_KEY_UIApplicationSupportsIndirectInputEvents = YES;
				INFOPLIST_KEY_UILaunchStoryboardName = LaunchScreen;
				INFOPLIST_KEY_UIMainStoryboardFile = Main;
				INFOPLIST_KEY_UISupportedInterfaceOrientations_iPad = "UIInterfaceOrientationPortrait UIInterfaceOrientationPortraitUpsideDown UIInterfaceOrientationLandscapeLeft UIInterfaceOrientationLandscapeRight";
				INFOPLIST_KEY_UISupportedInterfaceOrientations_iPhone = "UIInterfaceOrientationPortrait UIInterfaceOrientationLandscapeLeft UIInterfaceOrientationLandscapeRight";
				IPHONEOS_DEPLOYMENT_TARGET = 15.0;
				LD_RUNPATH_SEARCH_PATHS = (
					"$(inherited)",
					"@executable_path/Frameworks",
				);
				MARKETING_VERSION = 1.0;
				PRODUCT_BUNDLE_IDENTIFIER = bbbtp.com.ToDoList;
				PRODUCT_NAME = "$(TARGET_NAME)";
				SWIFT_EMIT_LOC_STRINGS = YES;
				SWIFT_VERSION = 5.0;
				TARGETED_DEVICE_FAMILY = "1,2";
			};
			name = Debug;
		};
		433E934E2D4A206D00FAE5E7 /* Release */ = {
			isa = XCBuildConfiguration;
			baseConfigurationReference = FA0DDD22D48F555AFCE77696 /* Pods-ToDoList.release.xcconfig */;
			buildSettings = {
				ASSETCATALOG_COMPILER_APPICON_NAME = AppIcon;
				ASSETCATALOG_COMPILER_GLOBAL_ACCENT_COLOR_NAME = AccentColor;
				CODE_SIGN_STYLE = Automatic;
				CURRENT_PROJECT_VERSION = 1;
				DEVELOPMENT_TEAM = V6DMK3YX7D;
				GENERATE_INFOPLIST_FILE = YES;
				INFOPLIST_FILE = ToDoList/Info.plist;
				INFOPLIST_KEY_UIApplicationSupportsIndirectInputEvents = YES;
				INFOPLIST_KEY_UILaunchStoryboardName = LaunchScreen;
				INFOPLIST_KEY_UIMainStoryboardFile = Main;
				INFOPLIST_KEY_UISupportedInterfaceOrientations_iPad = "UIInterfaceOrientationPortrait UIInterfaceOrientationPortraitUpsideDown UIInterfaceOrientationLandscapeLeft UIInterfaceOrientationLandscapeRight";
				INFOPLIST_KEY_UISupportedInterfaceOrientations_iPhone = "UIInterfaceOrientationPortrait UIInterfaceOrientationLandscapeLeft UIInterfaceOrientationLandscapeRight";
				IPHONEOS_DEPLOYMENT_TARGET = 15.0;
				LD_RUNPATH_SEARCH_PATHS = (
					"$(inherited)",
					"@executable_path/Frameworks",
				);
				MARKETING_VERSION = 1.0;
				PRODUCT_BUNDLE_IDENTIFIER = bbbtp.com.ToDoList;
				PRODUCT_NAME = "$(TARGET_NAME)";
				SWIFT_EMIT_LOC_STRINGS = YES;
				SWIFT_VERSION = 5.0;
				TARGETED_DEVICE_FAMILY = "1,2";
			};
			name = Release;
		};
		433E93502D4A206D00FAE5E7 /* Debug */ = {
			isa = XCBuildConfiguration;
			baseConfigurationReference = 479D56CF0D4EA763F1219468 /* Pods-ToDoListTests.debug.xcconfig */;
			buildSettings = {
				ALWAYS_EMBED_SWIFT_STANDARD_LIBRARIES = YES;
				BUNDLE_LOADER = "$(TEST_HOST)";
				CLANG_ENABLE_MODULES = YES;
				CODE_SIGN_STYLE = Automatic;
				CURRENT_PROJECT_VERSION = 1;
				DEVELOPMENT_TEAM = V6DMK3YX7D;
				GENERATE_INFOPLIST_FILE = YES;
				IPHONEOS_DEPLOYMENT_TARGET = 17.5;
				MARKETING_VERSION = 1.0;
				PRODUCT_BUNDLE_IDENTIFIER = bbbtp.com.ToDoListTests;
				PRODUCT_NAME = "$(TARGET_NAME)";
				SWIFT_EMIT_LOC_STRINGS = NO;
				SWIFT_OPTIMIZATION_LEVEL = "-Onone";
				SWIFT_VERSION = 5.0;
				TARGETED_DEVICE_FAMILY = "1,2";
				TEST_HOST = "$(BUILT_PRODUCTS_DIR)/ToDoList.app/$(BUNDLE_EXECUTABLE_FOLDER_PATH)/ToDoList";
			};
			name = Debug;
		};
		433E93512D4A206D00FAE5E7 /* Release */ = {
			isa = XCBuildConfiguration;
			baseConfigurationReference = 70B5D87E3085FA29038BA1C6 /* Pods-ToDoListTests.release.xcconfig */;
			buildSettings = {
				ALWAYS_EMBED_SWIFT_STANDARD_LIBRARIES = YES;
				BUNDLE_LOADER = "$(TEST_HOST)";
				CLANG_ENABLE_MODULES = YES;
				CODE_SIGN_STYLE = Automatic;
				CURRENT_PROJECT_VERSION = 1;
				DEVELOPMENT_TEAM = V6DMK3YX7D;
				GENERATE_INFOPLIST_FILE = YES;
				IPHONEOS_DEPLOYMENT_TARGET = 17.5;
				MARKETING_VERSION = 1.0;
				PRODUCT_BUNDLE_IDENTIFIER = bbbtp.com.ToDoListTests;
				PRODUCT_NAME = "$(TARGET_NAME)";
				SWIFT_EMIT_LOC_STRINGS = NO;
				SWIFT_VERSION = 5.0;
				TARGETED_DEVICE_FAMILY = "1,2";
				TEST_HOST = "$(BUILT_PRODUCTS_DIR)/ToDoList.app/$(BUNDLE_EXECUTABLE_FOLDER_PATH)/ToDoList";
			};
			name = Release;
		};
		433E93532D4A206D00FAE5E7 /* Debug */ = {
			isa = XCBuildConfiguration;
			baseConfigurationReference = 7CA838134225A98BCC8D892F /* Pods-ToDoList-ToDoListUITests.debug.xcconfig */;
			buildSettings = {
				ALWAYS_EMBED_SWIFT_STANDARD_LIBRARIES = YES;
				CODE_SIGN_STYLE = Automatic;
				CURRENT_PROJECT_VERSION = 1;
				DEVELOPMENT_TEAM = V6DMK3YX7D;
				GENERATE_INFOPLIST_FILE = YES;
				MARKETING_VERSION = 1.0;
				PRODUCT_BUNDLE_IDENTIFIER = bbbtp.com.ToDoListUITests;
				PRODUCT_NAME = "$(TARGET_NAME)";
				SWIFT_EMIT_LOC_STRINGS = NO;
				SWIFT_VERSION = 5.0;
				TARGETED_DEVICE_FAMILY = "1,2";
				TEST_TARGET_NAME = ToDoList;
			};
			name = Debug;
		};
		433E93542D4A206D00FAE5E7 /* Release */ = {
			isa = XCBuildConfiguration;
			baseConfigurationReference = 2E5F5DF8D5219CA22DA95F0E /* Pods-ToDoList-ToDoListUITests.release.xcconfig */;
			buildSettings = {
				ALWAYS_EMBED_SWIFT_STANDARD_LIBRARIES = YES;
				CODE_SIGN_STYLE = Automatic;
				CURRENT_PROJECT_VERSION = 1;
				DEVELOPMENT_TEAM = V6DMK3YX7D;
				GENERATE_INFOPLIST_FILE = YES;
				MARKETING_VERSION = 1.0;
				PRODUCT_BUNDLE_IDENTIFIER = bbbtp.com.ToDoListUITests;
				PRODUCT_NAME = "$(TARGET_NAME)";
				SWIFT_EMIT_LOC_STRINGS = NO;
				SWIFT_VERSION = 5.0;
				TARGETED_DEVICE_FAMILY = "1,2";
				TEST_TARGET_NAME = ToDoList;
			};
			name = Release;
		};
/* End XCBuildConfiguration section */

/* Begin XCConfigurationList section */
		433E931A2D4A206C00FAE5E7 /* Build configuration list for PBXProject "ToDoList" */ = {
			isa = XCConfigurationList;
			buildConfigurations = (
				433E934A2D4A206D00FAE5E7 /* Debug */,
				433E934B2D4A206D00FAE5E7 /* Release */,
			);
			defaultConfigurationIsVisible = 0;
			defaultConfigurationName = Release;
		};
		433E934C2D4A206D00FAE5E7 /* Build configuration list for PBXNativeTarget "ToDoList" */ = {
			isa = XCConfigurationList;
			buildConfigurations = (
				433E934D2D4A206D00FAE5E7 /* Debug */,
				433E934E2D4A206D00FAE5E7 /* Release */,
			);
			defaultConfigurationIsVisible = 0;
			defaultConfigurationName = Release;
		};
		433E934F2D4A206D00FAE5E7 /* Build configuration list for PBXNativeTarget "ToDoListTests" */ = {
			isa = XCConfigurationList;
			buildConfigurations = (
				433E93502D4A206D00FAE5E7 /* Debug */,
				433E93512D4A206D00FAE5E7 /* Release */,
			);
			defaultConfigurationIsVisible = 0;
			defaultConfigurationName = Release;
		};
		433E93522D4A206D00FAE5E7 /* Build configuration list for PBXNativeTarget "ToDoListUITests" */ = {
			isa = XCConfigurationList;
			buildConfigurations = (
				433E93532D4A206D00FAE5E7 /* Debug */,
				433E93542D4A206D00FAE5E7 /* Release */,
			);
			defaultConfigurationIsVisible = 0;
			defaultConfigurationName = Release;
		};
/* End XCConfigurationList section */

/* Begin XCVersionGroup section */
		433E932B2D4A206C00FAE5E7 /* ToDoList.xcdatamodeld */ = {
			isa = XCVersionGroup;
			children = (
				433E932C2D4A206C00FAE5E7 /* ToDoList.xcdatamodel */,
			);
			currentVersion = 433E932C2D4A206C00FAE5E7 /* ToDoList.xcdatamodel */;
			path = ToDoList.xcdatamodeld;
			sourceTree = "<group>";
			versionGroupType = wrapper.xcdatamodel;
		};
/* End XCVersionGroup section */
	};
	rootObject = 433E93172D4A206C00FAE5E7 /* Project object */;
}
